// !$*UTF8*$!
{
	archiveVersion = 1;
	classes = {
	};
	objectVersion = 50;
	objects = {

/* Begin PBXBuildFile section */
		8A2F763D246B21B70008188D /* Constants.swift in Sources */ = {isa = PBXBuildFile; fileRef = 8A2F763C246B21B70008188D /* Constants.swift */; };
		8A95A331246AB71500A33D82 /* AppDelegate.swift in Sources */ = {isa = PBXBuildFile; fileRef = 8A95A330246AB71500A33D82 /* AppDelegate.swift */; };
		8A95A333246AB71500A33D82 /* SceneDelegate.swift in Sources */ = {isa = PBXBuildFile; fileRef = 8A95A332246AB71500A33D82 /* SceneDelegate.swift */; };
		8A95A335246AB71500A33D82 /* ViewController.swift in Sources */ = {isa = PBXBuildFile; fileRef = 8A95A334246AB71500A33D82 /* ViewController.swift */; };
		8A95A338246AB71500A33D82 /* Main.storyboard in Resources */ = {isa = PBXBuildFile; fileRef = 8A95A336246AB71500A33D82 /* Main.storyboard */; };
		8A95A33A246AB71800A33D82 /* Assets.xcassets in Resources */ = {isa = PBXBuildFile; fileRef = 8A95A339246AB71800A33D82 /* Assets.xcassets */; };
		8A95A33D246AB71900A33D82 /* LaunchScreen.storyboard in Resources */ = {isa = PBXBuildFile; fileRef = 8A95A33B246AB71900A33D82 /* LaunchScreen.storyboard */; };
		8A95A346246AB7B400A33D82 /* Article.swift in Sources */ = {isa = PBXBuildFile; fileRef = 8A95A345246AB7B400A33D82 /* Article.swift */; };
		8A95A348246ABE3400A33D82 /* ArticleTableViewCell.swift in Sources */ = {isa = PBXBuildFile; fileRef = 8A95A347246ABE3400A33D82 /* ArticleTableViewCell.swift */; };
/* End PBXBuildFile section */

/* Begin PBXFileReference section */
		8A2F763C246B21B70008188D /* Constants.swift */ = {isa = PBXFileReference; lastKnownFileType = sourcecode.swift; path = Constants.swift; sourceTree = "<group>"; };
		8A95A32D246AB71500A33D82 /* newscollect.app */ = {isa = PBXFileReference; explicitFileType = wrapper.application; includeInIndex = 0; path = newscollect.app; sourceTree = BUILT_PRODUCTS_DIR; };
		8A95A330246AB71500A33D82 /* AppDelegate.swift */ = {isa = PBXFileReference; lastKnownFileType = sourcecode.swift; path = AppDelegate.swift; sourceTree = "<group>"; };
		8A95A332246AB71500A33D82 /* SceneDelegate.swift */ = {isa = PBXFileReference; lastKnownFileType = sourcecode.swift; path = SceneDelegate.swift; sourceTree = "<group>"; };
		8A95A334246AB71500A33D82 /* ViewController.swift */ = {isa = PBXFileReference; lastKnownFileType = sourcecode.swift; path = ViewController.swift; sourceTree = "<group>"; };
		8A95A337246AB71500A33D82 /* Base */ = {isa = PBXFileReference; lastKnownFileType = file.storyboard; name = Base; path = Base.lproj/Main.storyboard; sourceTree = "<group>"; };
		8A95A339246AB71800A33D82 /* Assets.xcassets */ = {isa = PBXFileReference; lastKnownFileType = folder.assetcatalog; path = Assets.xcassets; sourceTree = "<group>"; };
		8A95A33C246AB71900A33D82 /* Base */ = {isa = PBXFileReference; lastKnownFileType = file.storyboard; name = Base; path = Base.lproj/LaunchScreen.storyboard; sourceTree = "<group>"; };
		8A95A33E246AB71900A33D82 /* Info.plist */ = {isa = PBXFileReference; lastKnownFileType = text.plist.xml; path = Info.plist; sourceTree = "<group>"; };
		8A95A345246AB7B400A33D82 /* Article.swift */ = {isa = PBXFileReference; lastKnownFileType = sourcecode.swift; path = Article.swift; sourceTree = "<group>"; };
		8A95A347246ABE3400A33D82 /* ArticleTableViewCell.swift */ = {isa = PBXFileReference; lastKnownFileType = sourcecode.swift; path = ArticleTableViewCell.swift; sourceTree = "<group>"; };
/* End PBXFileReference section */

/* Begin PBXFrameworksBuildPhase section */
		8A95A32A246AB71500A33D82 /* Frameworks */ = {
			isa = PBXFrameworksBuildPhase;
			buildActionMask = 2147483647;
			files = (
			);
			runOnlyForDeploymentPostprocessing = 0;
		};
/* End PBXFrameworksBuildPhase section */

/* Begin PBXGroup section */
		8A95A324246AB71500A33D82 = {
			isa = PBXGroup;
			children = (
				8A95A32F246AB71500A33D82 /* newscollect */,
				8A95A32E246AB71500A33D82 /* Products */,
			);
			sourceTree = "<group>";
		};
		8A95A32E246AB71500A33D82 /* Products */ = {
			isa = PBXGroup;
			children = (
				8A95A32D246AB71500A33D82 /* newscollect.app */,
			);
			name = Products;
			sourceTree = "<group>";
		};
		8A95A32F246AB71500A33D82 /* newscollect */ = {
			isa = PBXGroup;
			children = (
				8A95A344246AB78900A33D82 /* Model */,
				8A95A330246AB71500A33D82 /* AppDelegate.swift */,
				8A95A332246AB71500A33D82 /* SceneDelegate.swift */,
				8A95A334246AB71500A33D82 /* ViewController.swift */,
				8A95A336246AB71500A33D82 /* Main.storyboard */,
				8A95A347246ABE3400A33D82 /* ArticleTableViewCell.swift */,
				8A95A339246AB71800A33D82 /* Assets.xcassets */,
				8A95A33B246AB71900A33D82 /* LaunchScreen.storyboard */,
				8A95A33E246AB71900A33D82 /* Info.plist */,
				8A2F763C246B21B70008188D /* Constants.swift */,
			);
			path = newscollect;
			sourceTree = "<group>";
		};
		8A95A344246AB78900A33D82 /* Model */ = {
			isa = PBXGroup;
			children = (
				8A95A345246AB7B400A33D82 /* Article.swift */,
			);
			path = Model;
			sourceTree = "<group>";
		};
/* End PBXGroup section */

/* Begin PBXNativeTarget section */
		8A95A32C246AB71500A33D82 /* newscollect */ = {
			isa = PBXNativeTarget;
			buildConfigurationList = 8A95A341246AB71900A33D82 /* Build configuration list for PBXNativeTarget "newscollect" */;
			buildPhases = (
				8A95A329246AB71500A33D82 /* Sources */,
				8A95A32A246AB71500A33D82 /* Frameworks */,
				8A95A32B246AB71500A33D82 /* Resources */,
			);
			buildRules = (
			);
			dependencies = (
			);
			name = newscollect;
			productName = newscollect;
			productReference = 8A95A32D246AB71500A33D82 /* newscollect.app */;
			productType = "com.apple.product-type.application";
		};
/* End PBXNativeTarget section */

/* Begin PBXProject section */
		8A95A325246AB71500A33D82 /* Project object */ = {
			isa = PBXProject;
			attributes = {
				LastSwiftUpdateCheck = 1140;
				LastUpgradeCheck = 1140;
				ORGANIZATIONNAME = dennysplettlinger;
				TargetAttributes = {
					8A95A32C246AB71500A33D82 = {
						CreatedOnToolsVersion = 11.4;
					};
				};
			};
			buildConfigurationList = 8A95A328246AB71500A33D82 /* Build configuration list for PBXProject "newscollect" */;
			compatibilityVersion = "Xcode 9.3";
			developmentRegion = en;
			hasScannedForEncodings = 0;
			knownRegions = (
				en,
				Base,
			);
			mainGroup = 8A95A324246AB71500A33D82;
			productRefGroup = 8A95A32E246AB71500A33D82 /* Products */;
			projectDirPath = "";
			projectRoot = "";
			targets = (
				8A95A32C246AB71500A33D82 /* newscollect */,
			);
		};
/* End PBXProject section */

/* Begin PBXResourcesBuildPhase section */
		8A95A32B246AB71500A33D82 /* Resources */ = {
			isa = PBXResourcesBuildPhase;
			buildActionMask = 2147483647;
			files = (
				8A95A33D246AB71900A33D82 /* LaunchScreen.storyboard in Resources */,
				8A95A33A246AB71800A33D82 /* Assets.xcassets in Resources */,
				8A95A338246AB71500A33D82 /* Main.storyboard in Resources */,
			);
			runOnlyForDeploymentPostprocessing = 0;
		};
/* End PBXResourcesBuildPhase section */

/* Begin PBXSourcesBuildPhase section */
		8A95A329246AB71500A33D82 /* Sources */ = {
			isa = PBXSourcesBuildPhase;
			buildActionMask = 2147483647;
			files = (
				8A95A348246ABE3400A33D82 /* ArticleTableViewCell.swift in Sources */,
				8A95A346246AB7B400A33D82 /* Article.swift in Sources */,
				8A95A335246AB71500A33D82 /* ViewController.swift in Sources */,
				8A95A331246AB71500A33D82 /* AppDelegate.swift in Sources */,
				8A95A333246AB71500A33D82 /* SceneDelegate.swift in Sources */,
				8A2F763D246B21B70008188D /* Constants.swift in Sources */,
			);
			runOnlyForDeploymentPostprocessing = 0;
		};
/* End PBXSourcesBuildPhase section */

/* Begin PBXVariantGroup section */
		8A95A336246AB71500A33D82 /* Main.storyboard */ = {
			isa = PBXVariantGroup;
			children = (
				8A95A337246AB71500A33D82 /* Base */,
			);
			name = Main.storyboard;
			sourceTree = "<group>";
		};
		8A95A33B246AB71900A33D82 /* LaunchScreen.storyboard */ = {
			isa = PBXVariantGroup;
			children = (
				8A95A33C246AB71900A33D82 /* Base */,
			);
			name = LaunchScreen.storyboard;
			sourceTree = "<group>";
		};
/* End PBXVariantGroup section */

/* Begin XCBuildConfiguration section */
		8A95A33F246AB71900A33D82 /* Debug */ = {
			isa = XCBuildConfiguration;
			buildSettings = {
				ALWAYS_SEARCH_USER_PATHS = NO;
				CLANG_ANALYZER_NONNULL = YES;
				CLANG_ANALYZER_NUMBER_OBJECT_CONVERSION = YES_AGGRESSIVE;
				CLANG_CXX_LANGUAGE_STANDARD = "gnu++14";
				CLANG_CXX_LIBRARY = "libc++";
				CLANG_ENABLE_MODULES = YES;
				CLANG_ENABLE_OBJC_ARC = YES;
				CLANG_ENABLE_OBJC_WEAK = YES;
				CLANG_WARN_BLOCK_CAPTURE_AUTORELEASING = YES;
				CLANG_WARN_BOOL_CONVERSION = YES;
				CLANG_WARN_COMMA = YES;
				CLANG_WARN_CONSTANT_CONVERSION = YES;
				CLANG_WARN_DEPRECATED_OBJC_IMPLEMENTATIONS = YES;
				CLANG_WARN_DIRECT_OBJC_ISA_USAGE = YES_ERROR;
				CLANG_WARN_DOCUMENTATION_COMMENTS = YES;
				CLANG_WARN_EMPTY_BODY = YES;
				CLANG_WARN_ENUM_CONVERSION = YES;
				CLANG_WARN_INFINITE_RECURSION = YES;
				CLANG_WARN_INT_CONVERSION = YES;
				CLANG_WARN_NON_LITERAL_NULL_CONVERSION = YES;
				CLANG_WARN_OBJC_IMPLICIT_RETAIN_SELF = YES;
				CLANG_WARN_OBJC_LITERAL_CONVERSION = YES;
				CLANG_WARN_OBJC_ROOT_CLASS = YES_ERROR;
				CLANG_WARN_RANGE_LOOP_ANALYSIS = YES;
				CLANG_WARN_STRICT_PROTOTYPES = YES;
				CLANG_WARN_SUSPICIOUS_MOVE = YES;
				CLANG_WARN_UNGUARDED_AVAILABILITY = YES_AGGRESSIVE;
				CLANG_WARN_UNREACHABLE_CODE = YES;
				CLANG_WARN__DUPLICATE_METHOD_MATCH = YES;
				COPY_PHASE_STRIP = NO;
				DEBUG_INFORMATION_FORMAT = dwarf;
				ENABLE_STRICT_OBJC_MSGSEND = YES;
				ENABLE_TESTABILITY = YES;
				GCC_C_LANGUAGE_STANDARD = gnu11;
				GCC_DYNAMIC_NO_PIC = NO;
				GCC_NO_COMMON_BLOCKS = YES;
				GCC_OPTIMIZATION_LEVEL = 0;
				GCC_PREPROCESSOR_DEFINITIONS = (
					"DEBUG=1",
					"$(inherited)",
				);
				GCC_WARN_64_TO_32_BIT_CONVERSION = YES;
				GCC_WARN_ABOUT_RETURN_TYPE = YES_ERROR;
				GCC_WARN_UNDECLARED_SELECTOR = YES;
				GCC_WARN_UNINITIALIZED_AUTOS = YES_AGGRESSIVE;
				GCC_WARN_UNUSED_FUNCTION = YES;
				GCC_WARN_UNUSED_VARIABLE = YES;
				IPHONEOS_DEPLOYMENT_TARGET = 13.4;
				MTL_ENABLE_DEBUG_INFO = INCLUDE_SOURCE;
				MTL_FAST_MATH = YES;
				ONLY_ACTIVE_ARCH = YES;
				SDKROOT = iphoneos;
				SWIFT_ACTIVE_COMPILATION_CONDITIONS = DEBUG;
				SWIFT_OPTIMIZATION_LEVEL = "-Onone";
			};
			name = Debug;
		};
		8A95A340246AB71900A33D82 /* Release */ = {
			isa = XCBuildConfiguration;
			buildSettings = {
				ALWAYS_SEARCH_USER_PATHS = NO;
				CLANG_ANALYZER_NONNULL = YES;
				CLANG_ANALYZER_NUMBER_OBJECT_CONVERSION = YES_AGGRESSIVE;
				CLANG_CXX_LANGUAGE_STANDARD = "gnu++14";
				CLANG_CXX_LIBRARY = "libc++";
				CLANG_ENABLE_MODULES = YES;
				CLANG_ENABLE_OBJC_ARC = YES;
				CLANG_ENABLE_OBJC_WEAK = YES;
				CLANG_WARN_BLOCK_CAPTURE_AUTORELEASING = YES;
				CLANG_WARN_BOOL_CONVERSION = YES;
				CLANG_WARN_COMMA = YES;
				CLANG_WARN_CONSTANT_CONVERSION = YES;
				CLANG_WARN_DEPRECATED_OBJC_IMPLEMENTATIONS = YES;
				CLANG_WARN_DIRECT_OBJC_ISA_USAGE = YES_ERROR;
				CLANG_WARN_DOCUMENTATION_COMMENTS = YES;
				CLANG_WARN_EMPTY_BODY = YES;
				CLANG_WARN_ENUM_CONVERSION = YES;
				CLANG_WARN_INFINITE_RECURSION = YES;
				CLANG_WARN_INT_CONVERSION = YES;
				CLANG_WARN_NON_LITERAL_NULL_CONVERSION = YES;
				CLANG_WARN_OBJC_IMPLICIT_RETAIN_SELF = YES;
				CLANG_WARN_OBJC_LITERAL_CONVERSION = YES;
				CLANG_WARN_OBJC_ROOT_CLASS = YES_ERROR;
				CLANG_WARN_RANGE_LOOP_ANALYSIS = YES;
				CLANG_WARN_STRICT_PROTOTYPES = YES;
				CLANG_WARN_SUSPICIOUS_MOVE = YES;
				CLANG_WARN_UNGUARDED_AVAILABILITY = YES_AGGRESSIVE;
				CLANG_WARN_UNREACHABLE_CODE = YES;
				CLANG_WARN__DUPLICATE_METHOD_MATCH = YES;
				COPY_PHASE_STRIP = NO;
				DEBUG_INFORMATION_FORMAT = "dwarf-with-dsym";
				ENABLE_NS_ASSERTIONS = NO;
				ENABLE_STRICT_OBJC_MSGSEND = YES;
				GCC_C_LANGUAGE_STANDARD = gnu11;
				GCC_NO_COMMON_BLOCKS = YES;
				GCC_WARN_64_TO_32_BIT_CONVERSION = YES;
				GCC_WARN_ABOUT_RETURN_TYPE = YES_ERROR;
				GCC_WARN_UNDECLARED_SELECTOR = YES;
				GCC_WARN_UNINITIALIZED_AUTOS = YES_AGGRESSIVE;
				GCC_WARN_UNUSED_FUNCTION = YES;
				GCC_WARN_UNUSED_VARIABLE = YES;
				IPHONEOS_DEPLOYMENT_TARGET = 13.4;
				MTL_ENABLE_DEBUG_INFO = NO;
				MTL_FAST_MATH = YES;
				SDKROOT = iphoneos;
				SWIFT_COMPILATION_MODE = wholemodule;
				SWIFT_OPTIMIZATION_LEVEL = "-O";
				VALIDATE_PRODUCT = YES;
			};
			name = Release;
		};
		8A95A342246AB71900A33D82 /* Debug */ = {
			isa = XCBuildConfiguration;
			buildSettings = {
				ASSETCATALOG_COMPILER_APPICON_NAME = AppIcon;
				CODE_SIGN_STYLE = Automatic;
				INFOPLIST_FILE = newscollect/Info.plist;
				LD_RUNPATH_SEARCH_PATHS = (
					"$(inherited)",
					"@executable_path/Frameworks",
				);
				PRODUCT_BUNDLE_IDENTIFIER = dennysplettlinger.newscollect;
				PRODUCT_NAME = "$(TARGET_NAME)";
				SWIFT_VERSION = 5.0;
				TARGETED_DEVICE_FAMILY = "1,2";
			};
			name = Debug;
		};
		8A95A343246AB71900A33D82 /* Release */ = {
			isa = XCBuildConfiguration;
			buildSettings = {
				ASSETCATALOG_COMPILER_APPICON_NAME = AppIcon;
				CODE_SIGN_STYLE = Automatic;
				INFOPLIST_FILE = newscollect/Info.plist;
				LD_RUNPATH_SEARCH_PATHS = (
					"$(inherited)",
					"@executable_path/Frameworks",
				);
				PRODUCT_BUNDLE_IDENTIFIER = dennysplettlinger.newscollect;
				PRODUCT_NAME = "$(TARGET_NAME)";
				SWIFT_VERSION = 5.0;
				TARGETED_DEVICE_FAMILY = "1,2";
			};
			name = Release;
		};
/* End XCBuildConfiguration section */

/* Begin XCConfigurationList section */
		8A95A328246AB71500A33D82 /* Build configuration list for PBXProject "newscollect" */ = {
			isa = XCConfigurationList;
			buildConfigurations = (
				8A95A33F246AB71900A33D82 /* Debug */,
				8A95A340246AB71900A33D82 /* Release */,
			);
			defaultConfigurationIsVisible = 0;
			defaultConfigurationName = Release;
		};
		8A95A341246AB71900A33D82 /* Build configuration list for PBXNativeTarget "newscollect" */ = {
			isa = XCConfigurationList;
			buildConfigurations = (
				8A95A342246AB71900A33D82 /* Debug */,
				8A95A343246AB71900A33D82 /* Release */,
			);
			defaultConfigurationIsVisible = 0;
			defaultConfigurationName = Release;
		};
/* End XCConfigurationList section */
	};
	rootObject = 8A95A325246AB71500A33D82 /* Project object */;
}
